
Microsoft Visual Studio Solution File, Format Version 12.00
Project("{FAE04EC0-301F-11D3-BF4B-00C04F79EFBC}") = "Owin.Host", "Owin.Host\Owin.Host.csproj", "{6FF5A21D-AD49-484C-B94F-C5AFDCDC9DD4}"
EndProject
Project("{FAE04EC0-301F-11D3-BF4B-00C04F79EFBC}") = "Owin.Host.Sample", "Owin.Host.Sample\Owin.Host.Sample.csproj", "{9CB5FBFB-8264-4D4D-94DE-0DFD05F914BF}"
EndProject
Global
	GlobalSection(SolutionConfigurationPlatforms) = preSolution
		Debug|Any CPU = Debug|Any CPU
		Release|Any CPU = Release|Any CPU
	EndGlobalSection
	GlobalSection(ProjectConfigurationPlatforms) = postSolution
		{6FF5A21D-AD49-484C-B94F-C5AFDCDC9DD4}.Debug|Any CPU.ActiveCfg = Debug|Any CPU
		{6FF5A21D-AD49-484C-B94F-C5AFDCDC9DD4}.Debug|Any CPU.Build.0 = Debug|Any CPU
		{6FF5A21D-AD49-484C-B94F-C5AFDCDC9DD4}.Release|Any CPU.ActiveCfg = Release|Any CPU
		{6FF5A21D-AD49-484C-B94F-C5AFDCDC9DD4}.Release|Any CPU.Build.0 = Release|Any CPU
		{9CB5FBFB-8264-4D4D-94DE-0DFD05F914BF}.Debug|Any CPU.ActiveCfg = Debug|Any CPU
		{9CB5FBFB-8264-4D4D-94DE-0DFD05F914BF}.Debug|Any CPU.Build.0 = Debug|Any CPU
		{9CB5FBFB-8264-4D4D-94DE-0DFD05F914BF}.Release|Any CPU.ActiveCfg = Release|Any CPU
		{9CB5FBFB-8264-4D4D-94DE-0DFD05F914BF}.Release|Any CPU.Build.0 = Release|Any CPU
	EndGlobalSection
EndGlobal
